
Microsoft Visual Studio Solution File, Format Version 12.00
# Visual Studio Version 17
VisualStudioVersion = 17.5.33424.131
MinimumVisualStudioVersion = 10.0.40219.1
Project("{FAE04EC0-301F-11D3-BF4B-00C04F79EFBC}") = "SecondTaskMvc_ITI", "SecondTaskMvc_ITI\SecondTaskMvc_ITI.csproj", "{A7130D01-CCB1-43B8-BAEB-20B818029821}"
EndProject
Global
	GlobalSection(SolutionConfigurationPlatforms) = preSolution
		Debug|Any CPU = Debug|Any CPU
		Release|Any CPU = Release|Any CPU
	EndGlobalSection
	GlobalSection(ProjectConfigurationPlatforms) = postSolution
		{A7130D01-CCB1-43B8-BAEB-20B818029821}.Debug|Any CPU.ActiveCfg = Debug|Any CPU
		{A7130D01-CCB1-43B8-BAEB-20B818029821}.Debug|Any CPU.Build.0 = Debug|Any CPU
		{A7130D01-CCB1-43B8-BAEB-20B818029821}.Release|Any CPU.ActiveCfg = Release|Any CPU
		{A7130D01-CCB1-43B8-BAEB-20B818029821}.Release|Any CPU.Build.0 = Release|Any CPU
	EndGlobalSection
	GlobalSection(SolutionProperties) = preSolution
		HideSolutionNode = FALSE
	EndGlobalSection
	GlobalSection(ExtensibilityGlobals) = postSolution
		SolutionGuid = {F90DDBC9-CD65-48FF-AE9D-7571CFF3D1E2}
	EndGlobalSection
EndGlobal
